<?xml version="1.0" encoding="UTF-8"?>
<Scheme LastUpgradeVersion = "2600" version = "1.7">
   <BuildAction parallelizeBuildables = "YES" buildImplicitDependencies = "YES">
      <BuildActionEntries>
         <BuildActionEntry buildForTesting = "YES" buildForRunning = "YES" buildForProfiling = "YES" buildForArchiving = "YES" buildForAnalyzing = "YES">
            <BuildableReference
               BuildableIdentifier = "primary"
               BlueprintIdentifier = "6412B5F42FB015CD00C6453B"
               BuildableName = "Loadout.app"
               BlueprintName = "Loadout"
               ReferencedContainer = "container:Loadout.xcodeproj">
            </BuildableReference>
         </BuildActionEntry>
      </BuildActionEntries>
   </BuildAction>
   <!-- Test targets run SERIALLY on ONE simulator, deliberately.
        Xcode's default clones the destination per test target and runs them in
        parallel. On this project that spawned enough clones to drive load
        average past 170 and made the UI-test runner fail to launch at all. The
        UI tests also share one simulator by design — they reset profile,
        library and orientation per class — so parallel clones would leak state
        between them even if the machine could take the load. -->
   <TestAction
      buildConfiguration = "Debug"
      selectedDebuggerIdentifier = "Xcode.DebuggerFoundation.Debugger.LLDB"
      selectedLauncherIdentifier = "Xcode.DebuggerFoundation.Launcher.LLDB"
      shouldUseLaunchSchemeArgsEnv = "YES"
      parallelizable = "NO">
      <Testables>
         <TestableReference skipped = "NO" parallelizable = "NO">
            <BuildableReference
               BuildableIdentifier = "primary"
               BlueprintIdentifier = "6412B6022FB015CF00C6453B"
               BuildableName = "LoadoutTests.xctest"
               BlueprintName = "LoadoutTests"
               ReferencedContainer = "container:Loadout.xcodeproj">
            </BuildableReference>
         </TestableReference>
         <TestableReference skipped = "NO" parallelizable = "NO">
            <BuildableReference
               BuildableIdentifier = "primary"
               BlueprintIdentifier = "6412B60C2FB015CF00C6453B"
               BuildableName = "LoadoutUITests.xctest"
               BlueprintName = "LoadoutUITests"
               ReferencedContainer = "container:Loadout.xcodeproj">
            </BuildableReference>
         </TestableReference>
      </Testables>
      <StoreKitConfigurationFileReference
         identifier = "../../Loadout/Resources/Loadout.storekit">
      </StoreKitConfigurationFileReference>
   </TestAction>
   <LaunchAction
      buildConfiguration = "Debug"
      selectedDebuggerIdentifier = "Xcode.DebuggerFoundation.Debugger.LLDB"
      selectedLauncherIdentifier = "Xcode.DebuggerFoundation.Launcher.LLDB"
      launchStyle = "0"
      useCustomWorkingDirectory = "NO"
      ignoresPersistentStateOnLaunch = "NO"
      debugDocumentVersioning = "YES"
      debugServiceExtension = "internal"
      allowLocationSimulation = "YES">
      <BuildableProductRunnable runnableDebuggingMode = "0">
         <BuildableReference
            BuildableIdentifier = "primary"
            BlueprintIdentifier = "6412B5F42FB015CD00C6453B"
            BuildableName = "Loadout.app"
            BlueprintName = "Loadout"
            ReferencedContainer = "container:Loadout.xcodeproj">
         </BuildableReference>
      </BuildableProductRunnable>
      <StoreKitConfigurationFileReference
         identifier = "../../Loadout/Resources/Loadout.storekit">
      </StoreKitConfigurationFileReference>
   </LaunchAction>
   <ProfileAction
      buildConfiguration = "Release"
      shouldUseLaunchSchemeArgsEnv = "YES"
      savedToolIdentifier = ""
      useCustomWorkingDirectory = "NO"
      debugDocumentVersioning = "YES">
      <BuildableProductRunnable runnableDebuggingMode = "0">
         <BuildableReference
            BuildableIdentifier = "primary"
            BlueprintIdentifier = "6412B5F42FB015CD00C6453B"
            BuildableName = "Loadout.app"
            BlueprintName = "Loadout"
            ReferencedContainer = "container:Loadout.xcodeproj">
         </BuildableReference>
      </BuildableProductRunnable>
   </ProfileAction>
   <AnalyzeAction buildConfiguration = "Debug"></AnalyzeAction>
   <ArchiveAction buildConfiguration = "Release" revealArchiveInOrganizer = "YES"></ArchiveAction>
</Scheme>
